# THIS IS AN AUTOGENERATED FILE. DO NOT EDIT THIS FILE DIRECTLY.
# yarn lockfile v1


"@ant-design/colors@^7.0.0":
  version "7.0.0"
  resolved "https://registry.yarnpkg.com/@ant-design/colors/-/colors-7.0.0.tgz#eb7eecead124c3533aea05d61254f0a17f2b61b3"
  integrity sha512-iVm/9PfGCbC0dSMBrz7oiEXZaaGH7ceU40OJEfKmyuzR9R5CRimJYPlRiFtMQGQcbNMea/ePcoIebi4ASGYXtg==
  dependencies:
    "@ctrl/tinycolor" "^3.4.0"

"@ant-design/cssinjs@^1.9.1":
  version "1.9.1"
  resolved "https://registry.yarnpkg.com/@ant-design/cssinjs/-/cssinjs-1.9.1.tgz#cc2e602afab14c795af20fd22b3f9d5ccf304d8a"
  integrity sha512-CZt1vCMs/sY7RoacYuIkZwQmb8Bhp99ReNNE9Y8lnUzik8fmCdKAQA7ecvVOFwmNFdcBHga7ye/XIRrsbkiqWw==
  dependencies:
    "@babel/runtime" "^7.11.1"
    "@emotion/hash" "^0.8.0"
    "@emotion/unitless" "^0.7.5"
    classnames "^2.3.1"
    csstype "^3.0.10"
    rc-util "^5.27.0"
    stylis "^4.0.13"

"@ant-design/icons-svg@^4.2.1":
  version "4.2.1"
  resolved "https://registry.yarnpkg.com/@ant-design/icons-svg/-/icons-svg-4.2.1.tgz#8630da8eb4471a4aabdaed7d1ff6a97dcb2cf05a"
  integrity sha512-EB0iwlKDGpG93hW8f85CTJTs4SvMX7tt5ceupvhALp1IF44SeUFOMhKUOYqpsoYWQKAOuTRDMqn75rEaKDp0Xw==

"@ant-design/icons@^5.0.0":
  version "5.0.1"
  resolved "https://registry.yarnpkg.com/@ant-design/icons/-/icons-5.0.1.tgz#febb1fdc5776f58187b2c953ac9a4496069d045b"
  integrity sha512-ZyF4ksXCcdtwA/1PLlnFLcF/q8/MhwxXhKHh4oCHDA4Ip+ZzAHoICtyp4wZWfiCVDP0yuz3HsjyvuldHFb3wjA==
  dependencies:
    "@ant-design/colors" "^7.0.0"
    "@ant-design/icons-svg" "^4.2.1"
    "@babel/runtime" "^7.11.2"
    classnames "^2.2.6"
    rc-util "^5.9.4"

"@ant-design/react-slick@~1.0.0":
  version "1.0.0"
  resolved "https://registry.yarnpkg.com/@ant-design/react-slick/-/react-slick-1.0.0.tgz#4696eecaa2dea0429e47ae24c267015cfd6df35c"
  integrity sha512-OKxZsn8TAf8fYxP79rDXgLs9zvKMTslK6dJ4iLhDXOujUqC5zJPBRszyrcEHXcMPOm1Sgk40JgyF3yiL/Swd7w==
  dependencies:
    "@babel/runtime" "^7.10.4"
    classnames "^2.2.5"
    json2mq "^0.2.0"
    resize-observer-polyfill "^1.5.1"
    throttle-debounce "^5.0.0"

"@babel/runtime@^7.10.1", "@babel/runtime@^7.10.4", "@babel/runtime@^7.11.1", "@babel/runtime@^7.11.2", "@babel/runtime@^7.12.5", "@babel/runtime@^7.16.7", "@babel/runtime@^7.18.0", "@babel/runtime@^7.18.3", "@babel/runtime@^7.20.0", "@babel/runtime@^7.20.7", "@babel/runtime@^7.21.0":
  version "7.21.5"
  resolved "https://registry.yarnpkg.com/@babel/runtime/-/runtime-7.21.5.tgz#8492dddda9644ae3bda3b45eabe87382caee7200"
  integrity sha512-8jI69toZqqcsnqGGqwGS4Qb1VwLOEp4hz+CXPywcvjs60u3B4Pom/U/7rm4W8tMOYEB+E9wgD0mW1l3r8qlI9Q==
  dependencies:
    regenerator-runtime "^0.13.11"

"@ctrl/tinycolor@^3.4.0", "@ctrl/tinycolor@^3.6.0":
  version "3.6.0"
  resolved "https://registry.yarnpkg.com/@ctrl/tinycolor/-/tinycolor-3.6.0.tgz#53fa5fe9c34faee89469e48f91d51a3766108bc8"
  integrity sha512-/Z3l6pXthq0JvMYdUFyX9j0MaCltlIn6mfh9jLyQwg5aPKxkyNa0PTHtU1AlFXLNk55ZuAeJRcpvq+tmLfKmaQ==

"@emotion/hash@^0.8.0":
  version "0.8.0"
  resolved "https://registry.yarnpkg.com/@emotion/hash/-/hash-0.8.0.tgz#bbbff68978fefdbe68ccb533bc8cbe1d1afb5413"
  integrity sha512-kBJtf7PH6aWwZ6fka3zQ0p6SBYzx4fl1LoZXE2RrnYST9Xljm7WfKJrU4g/Xr3Beg72MLrp1AWNUmuYJTL7Cow==

"@emotion/unitless@^0.7.5":
  version "0.7.5"
  resolved "https://registry.yarnpkg.com/@emotion/unitless/-/unitless-0.7.5.tgz#77211291c1900a700b8a78cfafda3160d76949ed"
  integrity sha512-OWORNpfjMsSSUBVrRBVGECkhWcULOAJz9ZW8uK9qgxD+87M7jHRcvh/A96XXNhXTLmKcoYSQtBEX7lHMO7YRwg==

"@next/env@13.3.1":
  version "13.3.1"
  resolved "https://registry.yarnpkg.com/@next/env/-/env-13.3.1.tgz#589707043065f6b71d411ed9b8f1ffd057c0fd4a"
  integrity sha512-EDtCoedIZC7JlUQ3uaQpSc4aVmyhbLHmQVALg7pFfQgOTjgSnn7mKtA0DiCMkYvvsx6aFb5octGMtWrOtGXW9A==

"@next/swc-darwin-arm64@13.3.1":
  version "13.3.1"
  resolved "https://registry.yarnpkg.com/@next/swc-darwin-arm64/-/swc-darwin-arm64-13.3.1.tgz#2c9719dd10a9cdf63bf50a7576b05dcf78999fe8"
  integrity sha512-UXPtriEc/pBP8luSLSCZBcbzPeVv+SSjs9cH/KygTbhmACye8/OOXRZO13Z2Wq1G0gLmEAIHQAOuF+vafPd2lw==

"@next/swc-darwin-x64@13.3.1":
  version "13.3.1"
  resolved "https://registry.yarnpkg.com/@next/swc-darwin-x64/-/swc-darwin-x64-13.3.1.tgz#0be90342c89e53a390ccd9bece15f7f5cd480049"
  integrity sha512-lT36yYxosCfLtplFzJWgo0hrPu6/do8+msgM7oQkPeohDNdhjtjFUgOOwdSnPublLR6Mo2Ym4P/wl5OANuD2bw==

"@next/swc-linux-arm64-gnu@13.3.1":
  version "13.3.1"
  resolved "https://registry.yarnpkg.com/@next/swc-linux-arm64-gnu/-/swc-linux-arm64-gnu-13.3.1.tgz#a7353265839f8b8569a346a444dc3ab3770d297e"
  integrity sha512-wRb76nLWJhonH8s3kxC/1tFguEkeOPayIwe9mkaz1G/yeS3OrjeyKMJsb4+Kdg0zbTo53bNCOl59NNtDM7yyyw==

"@next/swc-linux-arm64-musl@13.3.1":
  version "13.3.1"
  resolved "https://registry.yarnpkg.com/@next/swc-linux-arm64-musl/-/swc-linux-arm64-musl-13.3.1.tgz#24552e6102c350e372f83f505a1d93c880551a50"
  integrity sha512-qz3BzjJRZ16Iq/jrp+pjiYOc0jTjHlfmxQmZk9x/+5uhRP6/eWQSTAPVJ33BMo6oK5O5N4644OgTAbzXzorecg==

"@next/swc-linux-x64-gnu@13.3.1":
  version "13.3.1"
  resolved "https://registry.yarnpkg.com/@next/swc-linux-x64-gnu/-/swc-linux-x64-gnu-13.3.1.tgz#5f335a683b6eafa52307b12af97782993b6c45ff"
  integrity sha512-6mgkLmwlyWlomQmpl21I3hxgqE5INoW4owTlcLpNsd1V4wP+J46BlI/5zV5KWWbzjfncIqzXoeGs5Eg+1GHODA==

"@next/swc-linux-x64-musl@13.3.1":
  version "13.3.1"
  resolved "https://registry.yarnpkg.com/@next/swc-linux-x64-musl/-/swc-linux-x64-musl-13.3.1.tgz#58e5aad6f97203a0788783f66324456c8f9cdb50"
  integrity sha512-uqm5sielhQmKJM+qayIhgZv1KlS5pqTdQ99b+Z7hMWryXS96qE0DftTmMZowBcUL6x7s2vSXyH5wPtO1ON7LBg==

"@next/swc-win32-arm64-msvc@13.3.1":
  version "13.3.1"
  resolved "https://registry.yarnpkg.com/@next/swc-win32-arm64-msvc/-/swc-win32-arm64-msvc-13.3.1.tgz#f8ed1badab57ed4503969758754e6fb0cf326753"
  integrity sha512-WomIiTj/v3LevltlibNQKmvrOymNRYL+a0dp5R73IwPWN5FvXWwSELN/kiNALig/+T3luc4qHNTyvMCp9L6U5Q==

"@next/swc-win32-ia32-msvc@13.3.1":
  version "13.3.1"
  resolved "https://registry.yarnpkg.com/@next/swc-win32-ia32-msvc/-/swc-win32-ia32-msvc-13.3.1.tgz#7f599c8975b09ee5527cc49b9e5a4d13be50635a"
  integrity sha512-M+PoH+0+q658wRUbs285RIaSTYnGBSTdweH/0CdzDgA6Q4rBM0sQs4DHmO3BPP0ltCO/vViIoyG7ks66XmCA5g==

"@next/swc-win32-x64-msvc@13.3.1":
  version "13.3.1"
  resolved "https://registry.yarnpkg.com/@next/swc-win32-x64-msvc/-/swc-win32-x64-msvc-13.3.1.tgz#192d43ab44ebb98bd4f5865d0e1d7ce62703182f"
  integrity sha512-Sl1F4Vp5Z1rNXWZYqJwMuWRRol4bqOB6+/d7KqkgQ4AcafKPN1PZmpkCoxv4UFHtFNIB7EotnuIhtXu3zScicQ==

"@rc-component/context@^1.3.0":
  version "1.3.0"
  resolved "https://registry.yarnpkg.com/@rc-component/context/-/context-1.3.0.tgz#608ccf0abcbec9406751b17a4b35db08e481c110"
  integrity sha512-6QdaCJ7Wn5UZLJs15IEfqy4Ru3OaL5ctqpQYWd5rlfV9wwzrzdt6+kgAQZV/qdB0MUPN4nhyBfRembQCIvBf+w==
  dependencies:
    "@babel/runtime" "^7.10.1"
    rc-util "^5.27.0"

"@rc-component/mini-decimal@^1.0.1":
  version "1.0.1"
  resolved "https://registry.yarnpkg.com/@rc-component/mini-decimal/-/mini-decimal-1.0.1.tgz#e5dbc20a6a5b0e234d279bc71ce730ab865d3910"
  integrity sha512-9N8nRk0oKj1qJzANKl+n9eNSMUGsZtjwNuDCiZ/KA+dt1fE3zq5x2XxclRcAbOIXnZcJ53ozP2Pa60gyELXagA==
  dependencies:
    "@babel/runtime" "^7.18.0"

"@rc-component/mutate-observer@^1.0.0":
  version "1.0.0"
  resolved "https://registry.yarnpkg.com/@rc-component/mutate-observer/-/mutate-observer-1.0.0.tgz#ce99af3239ed9c74ee3e7302f1c67098de920b46"
  integrity sha512-okqRJSfNisXdI6CUeOLZC5ukBW/8kir2Ii4PJiKpUt+3+uS7dxwJUMxsUZquxA1rQuL8YcEmKVp/TCnR+yUdZA==
  dependencies:
    "@babel/runtime" "^7.18.0"
    classnames "^2.3.2"
    rc-util "^5.24.4"

"@rc-component/portal@^1.0.0-6", "@rc-component/portal@^1.0.0-8", "@rc-component/portal@^1.0.0-9", "@rc-component/portal@^1.0.2", "@rc-component/portal@^1.1.0":
  version "1.1.1"
  resolved "https://registry.yarnpkg.com/@rc-component/portal/-/portal-1.1.1.tgz#1a30ffe51c240b54360cba8e8bfc5d1f559325c4"
  integrity sha512-m8w3dFXX0H6UkJ4wtfrSwhe2/6M08uz24HHrF8pWfAXPwA9hwCuTE5per/C86KwNLouRpwFGcr7LfpHaa1F38g==
  dependencies:
    "@babel/runtime" "^7.18.0"
    classnames "^2.3.2"
    rc-util "^5.24.4"

"@rc-component/tour@~1.8.0":
  version "1.8.0"
  resolved "https://registry.yarnpkg.com/@rc-component/tour/-/tour-1.8.0.tgz#fda8b533e36db1d4254e3ffbcefe3395c346eb1c"
  integrity sha512-rrRGioHTLQlGca27G2+lw7QpRb3uuMYCUIJjj31/B44VCJS0P2tqYhOgtzvWQmaLMlWH3ZlpzotkKX13NT4XEA==
  dependencies:
    "@babel/runtime" "^7.18.0"
    "@rc-component/portal" "^1.0.0-9"
    "@rc-component/trigger" "^1.3.6"
    classnames "^2.3.2"
    rc-util "^5.24.4"

"@rc-component/trigger@^1.0.4", "@rc-component/trigger@^1.3.6", "@rc-component/trigger@^1.5.0", "@rc-component/trigger@^1.7.0":
  version "1.10.0"
  resolved "https://registry.yarnpkg.com/@rc-component/trigger/-/trigger-1.10.0.tgz#932f618ceecbcca6dc98ff62f8d23ce942eb5e55"
  integrity sha512-kDnsBBUIX+oCk1nhZ8vwCFiq15sIXqvYlRLTnSWXDTgec8SRjHxIA2T47FbWVlZ9PtlT1NIVWH8q3GbiSRKWUA==
  dependencies:
    "@babel/runtime" "^7.18.3"
    "@rc-component/portal" "^1.1.0"
    classnames "^2.3.2"
    rc-align "^4.0.0"
    rc-motion "^2.0.0"
    rc-resize-observer "^1.3.1"
    rc-util "^5.29.2"

"@swc/helpers@0.5.0":
  version "0.5.0"
  resolved "https://registry.yarnpkg.com/@swc/helpers/-/helpers-0.5.0.tgz#bf1d807b60f7290d0ec763feea7ccdeda06e85f1"
  integrity sha512-SjY/p4MmECVVEWspzSRpQEM3sjR17sP8PbGxELWrT+YZMBfiUyt1MRUNjMV23zohwlG2HYtCQOsCwsTHguXkyg==
  dependencies:
    tslib "^2.4.0"

"@types/node@18.16.2":
  version "18.16.2"
  resolved "https://registry.yarnpkg.com/@types/node/-/node-18.16.2.tgz#2f610ea71034b3971c312192377f8a7178eb57f1"
  integrity sha512-GQW/JL/5Fz/0I8RpeBG9lKp0+aNcXEaVL71c0D2Q0QHDTFvlYKT7an0onCUXj85anv7b4/WesqdfchLc0jtsCg==

"@types/prop-types@*":
  version "15.7.5"
  resolved "https://registry.yarnpkg.com/@types/prop-types/-/prop-types-15.7.5.tgz#5f19d2b85a98e9558036f6a3cacc8819420f05cf"
  integrity sha512-JCB8C6SnDoQf0cNycqd/35A7MjcnK+ZTqE7judS6o7utxUCg6imJg3QK2qzHKszlTjcj2cn+NwMB2i96ubpj7w==

"@types/react-dom@18.2.1":
  version "18.2.1"
  resolved "https://registry.yarnpkg.com/@types/react-dom/-/react-dom-18.2.1.tgz#663b2612feb5f6431a70207430d7c04881b87f29"
  integrity sha512-8QZEV9+Kwy7tXFmjJrp3XUKQSs9LTnE0KnoUb0YCguWBiNW0Yfb2iBMYZ08WPg35IR6P3Z0s00B15SwZnO26+w==
  dependencies:
    "@types/react" "*"

"@types/react@*", "@types/react@18.2.0":
  version "18.2.0"
  resolved "https://registry.yarnpkg.com/@types/react/-/react-18.2.0.tgz#15cda145354accfc09a18d2f2305f9fc099ada21"
  integrity sha512-0FLj93y5USLHdnhIhABk83rm8XEGA7kH3cr+YUlvxoUGp1xNt/DINUMvqPxLyOQMzLmZe8i4RTHbvb8MC7NmrA==
  dependencies:
    "@types/prop-types" "*"
    "@types/scheduler" "*"
    csstype "^3.0.2"

"@types/scheduler@*":
  version "0.16.3"
  resolved "https://registry.yarnpkg.com/@types/scheduler/-/scheduler-0.16.3.tgz#cef09e3ec9af1d63d2a6cc5b383a737e24e6dcf5"
  integrity sha512-5cJ8CB4yAx7BH1oMvdU0Jh9lrEXyPkar6F9G/ERswkCuvP4KQZfZkSjcMbAICCpQTN4OuZn8tz0HiKv9TGZgrQ==

antd@^5.4.6:
  version "5.4.6"
  resolved "https://registry.yarnpkg.com/antd/-/antd-5.4.6.tgz#9a41b14687c570e5191609dfd5c8150293279fbe"
  integrity sha512-va8fmtigdSoyO5BTrOQXRI2N22rWqtmd6FNGPlU4xV2S7Bi13/IJvm0BxO+WaNAVrcZuKIruZ+1EI3UHU80/vw==
  dependencies:
    "@ant-design/colors" "^7.0.0"
    "@ant-design/cssinjs" "^1.9.1"
    "@ant-design/icons" "^5.0.0"
    "@ant-design/react-slick" "~1.0.0"
    "@babel/runtime" "^7.18.3"
    "@ctrl/tinycolor" "^3.6.0"
    "@rc-component/mutate-observer" "^1.0.0"
    "@rc-component/tour" "~1.8.0"
    "@rc-component/trigger" "^1.7.0"
    classnames "^2.2.6"
    copy-to-clipboard "^3.2.0"
    dayjs "^1.11.1"
    qrcode.react "^3.1.0"
    rc-cascader "~3.10.0"
    rc-checkbox "~3.0.0"
    rc-collapse "~3.5.2"
    rc-dialog "~9.1.0"
    rc-drawer "~6.1.1"
    rc-dropdown "~4.0.0"
    rc-field-form "~1.30.0"
    rc-image "~5.16.0"
    rc-input "~1.0.4"
    rc-input-number "~7.4.0"
    rc-mentions "~2.2.0"
    rc-menu "~9.8.3"
    rc-motion "^2.7.3"
    rc-notification "~5.0.0"
    rc-pagination "~3.3.1"
    rc-picker "~3.6.1"
    rc-progress "~3.4.1"
    rc-rate "~2.10.0"
    rc-resize-observer "^1.2.0"
    rc-segmented "~2.1.2"
    rc-select "~14.4.3"
    rc-slider "~10.1.0"
    rc-steps "~6.0.0"
    rc-switch "~4.1.0"
    rc-table "~7.31.0"
    rc-tabs "~12.5.6"
    rc-textarea "~1.2.2"
    rc-tooltip "~6.0.0"
    rc-tree "~5.7.0"
    rc-tree-select "~5.8.0"
    rc-upload "~4.3.0"
    rc-util "^5.27.0"
    scroll-into-view-if-needed "^3.0.3"
    throttle-debounce "^5.0.0"

anymatch@~3.1.2:
  version "3.1.3"
  resolved "https://registry.yarnpkg.com/anymatch/-/anymatch-3.1.3.tgz#790c58b19ba1720a84205b57c618d5ad8524973e"
  integrity sha512-KMReFUr0B4t+D+OBkjR3KYqvocp2XaSzO55UcB6mgQMd3KbcE+mWTyvVV7D/zsdEbNnV6acZUutkiHQXvTr1Rw==
  dependencies:
    normalize-path "^3.0.0"
    picomatch "^2.0.4"

array-tree-filter@^2.1.0:
  version "2.1.0"
  resolved "https://registry.yarnpkg.com/array-tree-filter/-/array-tree-filter-2.1.0.tgz#873ac00fec83749f255ac8dd083814b4f6329190"
  integrity sha512-4ROwICNlNw/Hqa9v+rk5h22KjmzB1JGTMVKP2AKJBOCgb0yL0ASf0+YvCcLNNwquOHNX48jkeZIJ3a+oOQqKcw==

async-validator@^4.1.0:
  version "4.2.5"
  resolved "https://registry.yarnpkg.com/async-validator/-/async-validator-4.2.5.tgz#c96ea3332a521699d0afaaceed510a54656c6339"
  integrity sha512-7HhHjtERjqlNbZtqNqy2rckN/SpOOlmDliet+lP7k+eKZEjPk3DgyeU9lIXLdeLz0uBbbVp+9Qdow9wJWgwwfg==

asynckit@^0.4.0:
  version "0.4.0"
  resolved "https://registry.yarnpkg.com/asynckit/-/asynckit-0.4.0.tgz#c79ed97f7f34cb8f2ba1bc9790bcc366474b4b79"
  integrity sha512-Oei9OH4tRh0YqU3GxhX79dM/mwVgvbZJaSNaRk+bshkj0S5cfHcgYakreBjrHwatXKbz+IoIdYLxrKim2MjW0Q==

axios@^1.4.0:
  version "1.4.0"
  resolved "https://registry.yarnpkg.com/axios/-/axios-1.4.0.tgz#38a7bf1224cd308de271146038b551d725f0be1f"
  integrity sha512-S4XCWMEmzvo64T9GfvQDOXgYRDJ/wsSZc7Jvdgx5u1sd0JwsuPLqb3SYmusag+edF6ziyMensPVqLTSc1PiSEA==
  dependencies:
    follow-redirects "^1.15.0"
    form-data "^4.0.0"
    proxy-from-env "^1.1.0"

binary-extensions@^2.0.0:
  version "2.2.0"
  resolved "https://registry.yarnpkg.com/binary-extensions/-/binary-extensions-2.2.0.tgz#75f502eeaf9ffde42fc98829645be4ea76bd9e2d"
  integrity sha512-jDctJ/IVQbZoJykoeHbhXpOlNBqGNcwXJKJog42E5HDPUwQTSdjCHdihjj0DlnheQ7blbT6dHOafNAiS8ooQKA==

braces@~3.0.2:
  version "3.0.2"
  resolved "https://registry.yarnpkg.com/braces/-/braces-3.0.2.tgz#3454e1a462ee8d599e236df336cd9ea4f8afe107"
  integrity sha512-b8um+L1RzM3WDSzvhm6gIz1yfTbBt6YTlcEKAvsmqCZZFw46z626lVj9j1yEPW33H5H+lBQpZMP1k8l+78Ha0A==
  dependencies:
    fill-range "^7.0.1"

busboy@1.6.0:
  version "1.6.0"
  resolved "https://registry.yarnpkg.com/busboy/-/busboy-1.6.0.tgz#966ea36a9502e43cdb9146962523b92f531f6893"
  integrity sha512-8SFQbg/0hQ9xy3UNTB0YEnsNBbWfhf7RtnzpL7TkBiTBRfrQ9Fxcnz7VJsleJpyp6rVLvXiuORqjlHi5q+PYuA==
  dependencies:
    streamsearch "^1.1.0"

caniuse-lite@^1.0.30001406:
  version "1.0.30001481"
  resolved "https://registry.yarnpkg.com/caniuse-lite/-/caniuse-lite-1.0.30001481.tgz#f58a717afe92f9e69d0e35ff64df596bfad93912"
  integrity sha512-KCqHwRnaa1InZBtqXzP98LPg0ajCVujMKjqKDhZEthIpAsJl/YEIa3YvXjGXPVqzZVguccuu7ga9KOE1J9rKPQ==

"chokidar@>=3.0.0 <4.0.0":
  version "3.5.3"
  resolved "https://registry.yarnpkg.com/chokidar/-/chokidar-3.5.3.tgz#1cf37c8707b932bd1af1ae22c0432e2acd1903bd"
  integrity sha512-Dr3sfKRP6oTcjf2JmUmFJfeVMvXBdegxB0iVQ5eb2V10uFJUCAS8OByZdVAyVb8xXNz3GjjTgj9kLWsZTqE6kw==
  dependencies:
    anymatch "~3.1.2"
    braces "~3.0.2"
    glob-parent "~5.1.2"
    is-binary-path "~2.1.0"
    is-glob "~4.0.1"
    normalize-path "~3.0.0"
    readdirp "~3.6.0"
  optionalDependencies:
    fsevents "~2.3.2"

classnames@2.x, classnames@^2.2.1, classnames@^2.2.3, classnames@^2.2.5, classnames@^2.2.6, classnames@^2.3.1, classnames@^2.3.2:
  version "2.3.2"
  resolved "https://registry.yarnpkg.com/classnames/-/classnames-2.3.2.tgz#351d813bf0137fcc6a76a16b88208d2560a0d924"
  integrity sha512-CSbhY4cFEJRe6/GQzIk5qXZ4Jeg5pcsP7b5peFSDpffpe1cqjASH/n9UTjBwOp6XpMSTwQ8Za2K5V02ueA7Tmw==

client-only@0.0.1:
  version "0.0.1"
  resolved "https://registry.yarnpkg.com/client-only/-/client-only-0.0.1.tgz#38bba5d403c41ab150bff64a95c85013cf73bca1"
  integrity sha512-IV3Ou0jSMzZrd3pZ48nLkT9DA7Ag1pnPzaiQhpW7c3RbcqqzvzzVu+L8gfqMp/8IM2MQtSiqaCxrrcfu8I8rMA==

combined-stream@^1.0.8:
  version "1.0.8"
  resolved "https://registry.yarnpkg.com/combined-stream/-/combined-stream-1.0.8.tgz#c3d45a8b34fd730631a110a8a2520682b31d5a7f"
  integrity sha512-FQN4MRfuJeHf7cBbBMJFXhKSDq+2kAArBlmRBvcvFE5BB1HZKXtSFASDhdlz9zOYwxh8lDdnvmMOe/+5cdoEdg==
  dependencies:
    delayed-stream "~1.0.0"

compute-scroll-into-view@^3.0.2:
  version "3.0.3"
  resolved "https://registry.yarnpkg.com/compute-scroll-into-view/-/compute-scroll-into-view-3.0.3.tgz#c418900a5c56e2b04b885b54995df164535962b1"
  integrity sha512-nadqwNxghAGTamwIqQSG433W6OADZx2vCo3UXHNrzTRHK/htu+7+L0zhjEoaeaQVNAi3YgqWDv8+tzf0hRfR+A==

copy-to-clipboard@^3.2.0:
  version "3.3.3"
  resolved "https://registry.yarnpkg.com/copy-to-clipboard/-/copy-to-clipboard-3.3.3.tgz#55ac43a1db8ae639a4bd99511c148cdd1b83a1b0"
  integrity sha512-2KV8NhB5JqC3ky0r9PMCAZKbUHSwtEo4CwCs0KXgruG43gX5PMqDEBbVU4OUzw2MuAWUfsuFmWvEKG5QRfSnJA==
  dependencies:
    toggle-selection "^1.0.6"

csstype@^3.0.10, csstype@^3.0.2:
  version "3.1.2"
  resolved "https://registry.yarnpkg.com/csstype/-/csstype-3.1.2.tgz#1d4bf9d572f11c14031f0436e1c10bc1f571f50b"
  integrity sha512-I7K1Uu0MBPzaFKg4nI5Q7Vs2t+3gWWW648spaF+Rg7pI9ds18Ugn+lvg4SHczUdKlHI5LWBXyqfS8+DufyBsgQ==

dayjs@^1.11.1, dayjs@^1.11.7:
  version "1.11.7"
  resolved "https://registry.yarnpkg.com/dayjs/-/dayjs-1.11.7.tgz#4b296922642f70999544d1144a2c25730fce63e2"
  integrity sha512-+Yw9U6YO5TQohxLcIkrXBeY73WP3ejHWVvx8XCk3gxvQDCTEmS48ZrSZCKciI7Bhl/uCMyxYtE9UqRILmFphkQ==

deepmerge@^2.1.1:
  version "2.2.1"
  resolved "https://registry.yarnpkg.com/deepmerge/-/deepmerge-2.2.1.tgz#5d3ff22a01c00f645405a2fbc17d0778a1801170"
  integrity sha512-R9hc1Xa/NOBi9WRVUWg19rl1UB7Tt4kuPd+thNJgFZoxXsTz7ncaPaeIm+40oSGuP33DfMb4sZt1QIGiJzC4EA==

delayed-stream@~1.0.0:
  version "1.0.0"
  resolved "https://registry.yarnpkg.com/delayed-stream/-/delayed-stream-1.0.0.tgz#df3ae199acadfb7d440aaae0b29e2272b24ec619"
  integrity sha512-ZySD7Nf91aLB0RxL4KGrKHBXl7Eds1DAmEdcoVawXnLD7SDhpNgtuII2aAkg7a7QS41jxPSZ17p4VdGnMHk3MQ==

dom-align@^1.7.0:
  version "1.12.4"
  resolved "https://registry.yarnpkg.com/dom-align/-/dom-align-1.12.4.tgz#3503992eb2a7cfcb2ed3b2a6d21e0b9c00d54511"
  integrity sha512-R8LUSEay/68zE5c8/3BDxiTEvgb4xZTF0RKmAHfiEVN3klfIpXfi2/QCoiWPccVQ0J/ZGdz9OjzL4uJEP/MRAw==

fill-range@^7.0.1:
  version "7.0.1"
  resolved "https://registry.yarnpkg.com/fill-range/-/fill-range-7.0.1.tgz#1919a6a7c75fe38b2c7c77e5198535da9acdda40"
  integrity sha512-qOo9F+dMUmC2Lcb4BbVvnKJxTPjCm+RRpe4gDuGrzkL7mEVl/djYSu2OdQ2Pa302N4oqkSg9ir6jaLWJ2USVpQ==
  dependencies:
    to-regex-range "^5.0.1"

follow-redirects@^1.15.0:
  version "1.15.2"
  resolved "https://registry.yarnpkg.com/follow-redirects/-/follow-redirects-1.15.2.tgz#b460864144ba63f2681096f274c4e57026da2c13"
  integrity sha512-VQLG33o04KaQ8uYi2tVNbdrWp1QWxNNea+nmIB4EVM28v0hmP17z7aG1+wAkNzVq4KeXTq3221ye5qTJP91JwA==

form-data@^4.0.0:
  version "4.0.0"
  resolved "https://registry.yarnpkg.com/form-data/-/form-data-4.0.0.tgz#93919daeaf361ee529584b9b31664dc12c9fa452"
  integrity sha512-ETEklSGi5t0QMZuiXoA/Q6vcnxcLQP5vdugSpuAyi6SVGi2clPPp+xgEhuMaHC+zGgn31Kd235W35f7Hykkaww==
  dependencies:
    asynckit "^0.4.0"
    combined-stream "^1.0.8"
    mime-types "^2.1.12"

formik@^2.2.9:
  version "2.2.9"
  resolved "https://registry.yarnpkg.com/formik/-/formik-2.2.9.tgz#8594ba9c5e2e5cf1f42c5704128e119fc46232d0"
  integrity sha512-LQLcISMmf1r5at4/gyJigGn0gOwFbeEAlji+N9InZF6LIMXnFNkO42sCI8Jt84YZggpD4cPWObAZaxpEFtSzNA==
  dependencies:
    deepmerge "^2.1.1"
    hoist-non-react-statics "^3.3.0"
    lodash "^4.17.21"
    lodash-es "^4.17.21"
    react-fast-compare "^2.0.1"
    tiny-warning "^1.0.2"
    tslib "^1.10.0"

fsevents@~2.3.2:
  version "2.3.2"
  resolved "https://registry.yarnpkg.com/fsevents/-/fsevents-2.3.2.tgz#8a526f78b8fdf4623b709e0b975c52c24c02fd1a"
  integrity sha512-xiqMQR4xAeHTuB9uWm+fFRcIOgKBMiOBP+eXiyT7jsgVCq1bkVygt00oASowB7EdtpOHaaPgKt812P9ab+DDKA==

glob-parent@~5.1.2:
  version "5.1.2"
  resolved "https://registry.yarnpkg.com/glob-parent/-/glob-parent-5.1.2.tgz#869832c58034fe68a4093c17dc15e8340d8401c4"
  integrity sha512-AOIgSQCepiJYwP3ARnGx+5VnTu2HBYdzbGP45eLw1vr3zB3vZLeyed1sC9hnbcOc9/SrMyM5RPQrkGz4aS9Zow==
  dependencies:
    is-glob "^4.0.1"

hoist-non-react-statics@^3.3.0:
  version "3.3.2"
  resolved "https://registry.yarnpkg.com/hoist-non-react-statics/-/hoist-non-react-statics-3.3.2.tgz#ece0acaf71d62c2969c2ec59feff42a4b1a85b45"
  integrity sha512-/gGivxi8JPKWNm/W0jSmzcMPpfpPLc3dY/6GxhX2hQ9iGj3aDfklV4ET7NjKpSinLpJ5vafa9iiGIEZg10SfBw==
  dependencies:
    react-is "^16.7.0"

immutable@^4.0.0:
  version "4.3.0"
  resolved "https://registry.yarnpkg.com/immutable/-/immutable-4.3.0.tgz#eb1738f14ffb39fd068b1dbe1296117484dd34be"
  integrity sha512-0AOCmOip+xgJwEVTQj1EfiDDOkPmuyllDuTuEX+DDXUgapLAsBIfkg3sxCYyCEA8mQqZrrxPUGjcOQ2JS3WLkg==

is-binary-path@~2.1.0:
  version "2.1.0"
  resolved "https://registry.yarnpkg.com/is-binary-path/-/is-binary-path-2.1.0.tgz#ea1f7f3b80f064236e83470f86c09c254fb45b09"
  integrity sha512-ZMERYes6pDydyuGidse7OsHxtbI7WVeUEozgR/g7rd0xUimYNlvZRE/K2MgZTjWy725IfelLeVcEM97mmtRGXw==
  dependencies:
    binary-extensions "^2.0.0"

is-extglob@^2.1.1:
  version "2.1.1"
  resolved "https://registry.yarnpkg.com/is-extglob/-/is-extglob-2.1.1.tgz#a88c02535791f02ed37c76a1b9ea9773c833f8c2"
  integrity sha512-SbKbANkN603Vi4jEZv49LeVJMn4yGwsbzZworEoyEiutsN3nJYdbO36zfhGJ6QEDpOZIFkDtnq5JRxmvl3jsoQ==

is-glob@^4.0.1, is-glob@~4.0.1:
  version "4.0.3"
  resolved "https://registry.yarnpkg.com/is-glob/-/is-glob-4.0.3.tgz#64f61e42cbbb2eec2071a9dac0b28ba1e65d5084"
  integrity sha512-xelSayHH36ZgE7ZWhli7pW34hNbNl8Ojv5KVmkJD4hBdD3th8Tfk9vYasLM+mXWOZhFkgZfxhLSnrwRr4elSSg==
  dependencies:
    is-extglob "^2.1.1"

is-number@^7.0.0:
  version "7.0.0"
  resolved "https://registry.yarnpkg.com/is-number/-/is-number-7.0.0.tgz#7535345b896734d5f80c4d06c50955527a14f12b"
  integrity sha512-41Cifkg6e8TylSpdtTpeLVMqvSBEVzTttHvERD741+pnZ8ANv0004MRL43QKPDlK9cGvNp6NZWZUBlbGXYxxng==

"js-tokens@^3.0.0 || ^4.0.0":
  version "4.0.0"
  resolved "https://registry.yarnpkg.com/js-tokens/-/js-tokens-4.0.0.tgz#19203fb59991df98e3a287050d4647cdeaf32499"
  integrity sha512-RdJUflcE3cUzKiMqQgsCu06FPu9UdIJO0beYbPhHN4k6apgJtifcoCtT9bcxOpYBtpD2kCM6Sbzg4CausW/PKQ==

json2mq@^0.2.0:
  version "0.2.0"
  resolved "https://registry.yarnpkg.com/json2mq/-/json2mq-0.2.0.tgz#b637bd3ba9eabe122c83e9720483aeb10d2c904a"
  integrity sha512-SzoRg7ux5DWTII9J2qkrZrqV1gt+rTaoufMxEzXbS26Uid0NwaJd123HcoB80TgubEppxxIGdNxCx50fEoEWQA==
  dependencies:
    string-convert "^0.2.0"

lodash-es@^4.17.21:
  version "4.17.21"
  resolved "https://registry.yarnpkg.com/lodash-es/-/lodash-es-4.17.21.tgz#43e626c46e6591b7750beb2b50117390c609e3ee"
  integrity sha512-mKnC+QJ9pWVzv+C4/U3rRsHapFfHvQFoFB92e52xeyGMcX6/OlIl78je1u8vePzYZSkkogMPJ2yjxxsb89cxyw==

lodash@^4.17.21:
  version "4.17.21"
  resolved "https://registry.yarnpkg.com/lodash/-/lodash-4.17.21.tgz#679591c564c3bffaae8454cf0b3df370c3d6911c"
  integrity sha512-v2kDEe57lecTulaDIuNTPy3Ry4gLGJ6Z1O3vE1krgXZNrsQ+LFTGHVxVjcXPs17LhbZVGedAJv8XZ1tvj5FvSg==

loose-envify@^1.1.0:
  version "1.4.0"
  resolved "https://registry.yarnpkg.com/loose-envify/-/loose-envify-1.4.0.tgz#71ee51fa7be4caec1a63839f7e682d8132d30caf"
  integrity sha512-lyuxPGr/Wfhrlem2CL/UcnUc1zcqKAImBDzukY7Y5F/yQiNdko6+fRLevlw1HgMySw7f611UIY408EtxRSoK3Q==
  dependencies:
    js-tokens "^3.0.0 || ^4.0.0"

mime-db@1.52.0:
  version "1.52.0"
  resolved "https://registry.yarnpkg.com/mime-db/-/mime-db-1.52.0.tgz#bbabcdc02859f4987301c856e3387ce5ec43bf70"
  integrity sha512-sPU4uV7dYlvtWJxwwxHD0PuihVNiE7TyAbQ5SWxDCB9mUYvOgroQOwYQQOKPJ8CIbE+1ETVlOoK1UC2nU3gYvg==

mime-types@^2.1.12:
  version "2.1.35"
  resolved "https://registry.yarnpkg.com/mime-types/-/mime-types-2.1.35.tgz#381a871b62a734450660ae3deee44813f70d959a"
  integrity sha512-ZDY+bPm5zTTF+YpCrAU9nK0UgICYPT0QtT1NZWFv4s++TNkcgVaT0g6+4R2uI4MjQjzysHB1zxuWL50hzaeXiw==
  dependencies:
    mime-db "1.52.0"

nanoid@^3.3.4:
  version "3.3.6"
  resolved "https://registry.yarnpkg.com/nanoid/-/nanoid-3.3.6.tgz#443380c856d6e9f9824267d960b4236ad583ea4c"
  integrity sha512-BGcqMMJuToF7i1rt+2PWSNVnWIkGCU78jBG3RxO/bZlnZPK2Cmi2QaffxGO/2RvWi9sL+FAiRiXMgsyxQ1DIDA==

next@13.3.1:
  version "13.3.1"
  resolved "https://registry.yarnpkg.com/next/-/next-13.3.1.tgz#17625f7423db2e059d71b41bd9031756cf2b33bc"
  integrity sha512-eByWRxPzKHs2oQz1yE41LX35umhz86ZSZ+mYyXBqn2IBi2hyUqxBA88avywdr4uyH+hCJczegGsDGWbzQA5Rqw==
  dependencies:
    "@next/env" "13.3.1"
    "@swc/helpers" "0.5.0"
    busboy "1.6.0"
    caniuse-lite "^1.0.30001406"
    postcss "8.4.14"
    styled-jsx "5.1.1"
  optionalDependencies:
    "@next/swc-darwin-arm64" "13.3.1"
    "@next/swc-darwin-x64" "13.3.1"
    "@next/swc-linux-arm64-gnu" "13.3.1"
    "@next/swc-linux-arm64-musl" "13.3.1"
    "@next/swc-linux-x64-gnu" "13.3.1"
    "@next/swc-linux-x64-musl" "13.3.1"
    "@next/swc-win32-arm64-msvc" "13.3.1"
    "@next/swc-win32-ia32-msvc" "13.3.1"
    "@next/swc-win32-x64-msvc" "13.3.1"

normalize-path@^3.0.0, normalize-path@~3.0.0:
  version "3.0.0"
  resolved "https://registry.yarnpkg.com/normalize-path/-/normalize-path-3.0.0.tgz#0dcd69ff23a1c9b11fd0978316644a0388216a65"
  integrity sha512-6eZs5Ls3WtCisHWp9S2GUy8dqkpGi4BVSz3GaqiE6ezub0512ESztXUwUB6C6IKbQkY2Pnb/mD4WYojCRwcwLA==

ometa@0.2.2:
  version "0.2.2"
  resolved "https://registry.yarnpkg.com/ometa/-/ometa-0.2.2.tgz#f53c4735ba6d56af5a46b04dfb7c4334c596d44e"
  integrity sha512-LZuoK/yjU3FvrxPjUXUlZ1bavCfBPqauA7fsNdwi+AVhRdyk2IzgP3JRnevvjzQ6fKHdUw8YISshf53FmpHrng==

picocolors@^1.0.0:
  version "1.0.0"
  resolved "https://registry.yarnpkg.com/picocolors/-/picocolors-1.0.0.tgz#cb5bdc74ff3f51892236eaf79d68bc44564ab81c"
  integrity sha512-1fygroTLlHu66zi26VoTDv8yRgm0Fccecssto+MhsZ0D/DGW2sm8E8AjW7NU5VVTRt5GxbeZ5qBuJr+HyLYkjQ==

picomatch@^2.0.4, picomatch@^2.2.1:
  version "2.3.1"
  resolved "https://registry.yarnpkg.com/picomatch/-/picomatch-2.3.1.tgz#3ba3833733646d9d3e4995946c1365a67fb07a42"
  integrity sha512-JU3teHTNjmE2VCGFzuY8EXzCDVwEqB2a8fsIvwaStHhAWJEeVd1o1QD80CU6+ZdEXXSLbSsuLwJjkCBWqRQUVA==

postcss@8.4.14:
  version "8.4.14"
  resolved "https://registry.yarnpkg.com/postcss/-/postcss-8.4.14.tgz#ee9274d5622b4858c1007a74d76e42e56fd21caf"
  integrity sha512-E398TUmfAYFPBSdzgeieK2Y1+1cpdxJx8yXbK/m57nRhKSmk1GB2tO4lbLBtlkfPQTDKfe4Xqv1ASWPpayPEig==
  dependencies:
    nanoid "^3.3.4"
    picocolors "^1.0.0"
    source-map-js "^1.0.2"

proxy-from-env@^1.1.0:
  version "1.1.0"
  resolved "https://registry.yarnpkg.com/proxy-from-env/-/proxy-from-env-1.1.0.tgz#e102f16ca355424865755d2c9e8ea4f24d58c3e2"
  integrity sha512-D+zkORCbA9f1tdWRK0RaCR3GPv50cMxcrz4X8k5LTSUD1Dkw47mKJEZQNunItRTkWwgtaUSo1RVFRIG9ZXiFYg==

qrcode.react@^3.1.0:
  version "3.1.0"
  resolved "https://registry.yarnpkg.com/qrcode.react/-/qrcode.react-3.1.0.tgz#5c91ddc0340f768316fbdb8fff2765134c2aecd8"
  integrity sha512-oyF+Urr3oAMUG/OiOuONL3HXM+53wvuH3mtIWQrYmsXoAq0DkvZp2RYUWFSMFtbdOpuS++9v+WAkzNVkMlNW6Q==

rc-align@^4.0.0:
  version "4.0.15"
  resolved "https://registry.yarnpkg.com/rc-align/-/rc-align-4.0.15.tgz#2bbd665cf85dfd0b0244c5a752b07565e9098577"
  integrity sha512-wqJtVH60pka/nOX7/IspElA8gjPNQKIx/ZqJ6heATCkXpe1Zg4cPVrMD2vC96wjsFFL8WsmhPbx9tdMo1qqlIA==
  dependencies:
    "@babel/runtime" "^7.10.1"
    classnames "2.x"
    dom-align "^1.7.0"
    rc-util "^5.26.0"
    resize-observer-polyfill "^1.5.1"

rc-cascader@~3.10.0:
  version "3.10.3"
  resolved "https://registry.yarnpkg.com/rc-cascader/-/rc-cascader-3.10.3.tgz#5ebfef3930ead8f39b217db9415c88487d664e03"
  integrity sha512-RBK1u59a2m/RKY8F+UvW9pUXdPv7bCxh2s2DAb81QjXX7TbwSX92Y0tICYo/Bo8fRsAh2g+7RXVf488/98ijkA==
  dependencies:
    "@babel/runtime" "^7.12.5"
    array-tree-filter "^2.1.0"
    classnames "^2.3.1"
    rc-select "~14.4.0"
    rc-tree "~5.7.0"
    rc-util "^5.6.1"

rc-checkbox@~3.0.0:
  version "3.0.0"
  resolved "https://registry.yarnpkg.com/rc-checkbox/-/rc-checkbox-3.0.0.tgz#6b426d16c7d2ed9fee219a1dfb14d2c504a45300"
  integrity sha512-tOEs1+wWDUei7DuP2EsJCZfam5vxMjKTCGcZdXVgsiOcNszc41Esycbo31P0/jFwUAPmd5oPYFWkcnFUCTLZxA==
  dependencies:
    "@babel/runtime" "^7.10.1"
    classnames "^2.3.2"
    rc-util "^5.25.2"

rc-collapse@~3.5.2:
  version "3.5.2"
  resolved "https://registry.yarnpkg.com/rc-collapse/-/rc-collapse-3.5.2.tgz#abb7d144ad55bd9cbd201fa95bc5b271da2aa7c3"
  integrity sha512-/TNiT3DW1t3sUCiVD/DPUYooJZ3BLA93/2rZsB3eM2bGJCCla2X9D2E4tgm7LGMQGy5Atb2lMUn2FQuvQNvavQ==
  dependencies:
    "@babel/runtime" "^7.10.1"
    classnames "2.x"
    rc-motion "^2.3.4"
    rc-util "^5.27.0"

rc-dialog@~9.1.0:
  version "9.1.0"
  resolved "https://registry.yarnpkg.com/rc-dialog/-/rc-dialog-9.1.0.tgz#6bf6fcc0453503b7643e54a5a445e835e3850649"
  integrity sha512-5ry+JABAWEbaKyYsmITtrJbZbJys8CtMyzV8Xn4LYuXMeUx5XVHNyJRoqLFE4AzBuXXzOWeaC49cg+XkxK6kHA==
  dependencies:
    "@babel/runtime" "^7.10.1"
    "@rc-component/portal" "^1.0.0-8"
    classnames "^2.2.6"
    rc-motion "^2.3.0"
    rc-util "^5.21.0"

rc-drawer@~6.1.1:
  version "6.1.5"
  resolved "https://registry.yarnpkg.com/rc-drawer/-/rc-drawer-6.1.5.tgz#c4137b944c16b7c179d0dba6f06ebe54f9311ec8"
  integrity sha512-MDRomQXFi+tvDuwsRAddJ2Oy2ayLCZ29weMzp3rJFO9UNEVLEVV7nuyx5lEgNJIdM//tE6wWQV95cTUiMVqD6w==
  dependencies:
    "@babel/runtime" "^7.10.1"
    "@rc-component/portal" "^1.0.0-6"
    classnames "^2.2.6"
    rc-motion "^2.6.1"
    rc-util "^5.21.2"

rc-dropdown@~4.0.0:
  version "4.0.1"
  resolved "https://registry.yarnpkg.com/rc-dropdown/-/rc-dropdown-4.0.1.tgz#f65d9d3d89750241057db59d5a75e43cd4576b68"
  integrity sha512-OdpXuOcme1rm45cR0Jzgfl1otzmU4vuBVb+etXM8vcaULGokAKVpKlw8p6xzspG7jGd/XxShvq+N3VNEfk/l5g==
  dependencies:
    "@babel/runtime" "^7.18.3"
    classnames "^2.2.6"
    rc-trigger "^5.3.1"
    rc-util "^5.17.0"

rc-field-form@~1.30.0:
  version "1.30.0"
  resolved "https://registry.yarnpkg.com/rc-field-form/-/rc-field-form-1.30.0.tgz#f964bfbea820cc853a8ceb7b0b37a1dca5e64257"
  integrity sha512-hCBa3/+m9SSuEPILSsxB/wd3ZFEmNTQfIhThhMaMp05fLwDDw+2K26lEZf5NuChQlx90VVNUOYmTslH6Ks4tpA==
  dependencies:
    "@babel/runtime" "^7.18.0"
    async-validator "^4.1.0"
    rc-util "^5.8.0"

rc-image@~5.16.0:
  version "5.16.0"
  resolved "https://registry.yarnpkg.com/rc-image/-/rc-image-5.16.0.tgz#79d5864bc1c5d66c4620176cc131d34cd4f4bea8"
  integrity sha512-11DOye57IgTXh2yTsmxFNynZJG3tdx8RZnnaqb38eYWrBPPyhVHIuURxyiSZ8B68lEUAggR7SBA0Zb95KP/CyQ==
  dependencies:
    "@babel/runtime" "^7.11.2"
    "@rc-component/portal" "^1.0.2"
    classnames "^2.2.6"
    rc-dialog "~9.1.0"
    rc-motion "^2.6.2"
    rc-util "^5.0.6"

rc-input-number@~7.4.0:
  version "7.4.2"
  resolved "https://registry.yarnpkg.com/rc-input-number/-/rc-input-number-7.4.2.tgz#7c52d26b986461aa16e486d469dc0476d97c6ea3"
  integrity sha512-yGturTw7WGP+M1GbJ+UTAO7L4buxeW6oilhL9Sq3DezsRS8/9qec4UiXUbeoiX9bzvRXH11JvgskBtxSp4YSNg==
  dependencies:
    "@babel/runtime" "^7.10.1"
    "@rc-component/mini-decimal" "^1.0.1"
    classnames "^2.2.5"
    rc-util "^5.28.0"

rc-input@~1.0.0, rc-input@~1.0.4:
  version "1.0.4"
  resolved "https://registry.yarnpkg.com/rc-input/-/rc-input-1.0.4.tgz#2f2c73c884f41e80685bb2eb7b9d5533e8540a77"
  integrity sha512-clY4oneVHRtKHYf/HCxT/MO+4BGzCIywSNLosXWOm7fcQAS0jQW7n0an8Raa8JMB8kpxc8m28p7SNwFZmlMj6g==
  dependencies:
    "@babel/runtime" "^7.11.1"
    classnames "^2.2.1"
    rc-util "^5.18.1"

rc-mentions@~2.2.0:
  version "2.2.0"
  resolved "https://registry.yarnpkg.com/rc-mentions/-/rc-mentions-2.2.0.tgz#27900ec04d067c58205309897efd190f5d8f4ac8"
  integrity sha512-R7ncCldr02uKgJBBPlXdtnOGQIjZ9C3uoIMi4fabU3CPFdmefYlNF6QM4u2AzgcGt8V0KkoHTN5T6HPdUpet8g==
  dependencies:
    "@babel/runtime" "^7.10.1"
    "@rc-component/trigger" "^1.5.0"
    classnames "^2.2.6"
    rc-input "~1.0.0"
    rc-menu "~9.8.0"
    rc-textarea "~1.2.0"
    rc-util "^5.22.5"

rc-menu@~9.8.0, rc-menu@~9.8.3:
  version "9.8.4"
  resolved "https://registry.yarnpkg.com/rc-menu/-/rc-menu-9.8.4.tgz#58bf19d471e3c74ff4bcfdb0f02a3826ebe2553b"
  integrity sha512-lmw2j8I2fhdIzHmC9ajfImfckt0WDb2KVJJBBRIsxPEw2kGkEfjLMUoB1NgiNT/Q5cC8PdjGOGQjHJIJMwyNMw==
  dependencies:
    "@babel/runtime" "^7.10.1"
    classnames "2.x"
    rc-motion "^2.4.3"
    rc-overflow "^1.2.8"
    rc-trigger "^5.1.2"
    rc-util "^5.27.0"

rc-motion@^2.0.0, rc-motion@^2.0.1, rc-motion@^2.3.0, rc-motion@^2.3.4, rc-motion@^2.4.3, rc-motion@^2.4.4, rc-motion@^2.6.0, rc-motion@^2.6.1, rc-motion@^2.6.2, rc-motion@^2.7.3:
  version "2.7.3"
  resolved "https://registry.yarnpkg.com/rc-motion/-/rc-motion-2.7.3.tgz#126155bb3e687174fb3b92fddade2835c963b04d"
  integrity sha512-2xUvo8yGHdOHeQbdI8BtBsCIrWKchEmFEIskf0nmHtJsou+meLd/JE+vnvSX2JxcBrJtXY2LuBpxAOxrbY/wMQ==
  dependencies:
    "@babel/runtime" "^7.11.1"
    classnames "^2.2.1"
    rc-util "^5.21.0"

rc-notification@~5.0.0:
  version "5.0.3"
  resolved "https://registry.yarnpkg.com/rc-notification/-/rc-notification-5.0.3.tgz#2566d4a6b2334c171bad0cb9a8b80cb1a24b29e6"
  integrity sha512-+wHbHu6RiTNtsZYx42WxWA+tC5m0qyKvJAauO4/6LIEyJspK8fRlFQz+OCFgFwGuNs3cOdo9tLs+cPfztSZwbQ==
  dependencies:
    "@babel/runtime" "^7.10.1"
    classnames "2.x"
    rc-motion "^2.6.0"
    rc-util "^5.20.1"

rc-overflow@^1.0.0, rc-overflow@^1.2.8:
  version "1.3.0"
  resolved "https://registry.yarnpkg.com/rc-overflow/-/rc-overflow-1.3.0.tgz#964f7db14aab611c3047788d3b8ee472732fee09"
  integrity sha512-p2Qt4SWPTHAYl4oAao1THy669Fm5q8pYBDBHRaFOekCvcdcrgIx0ByXQMEkyPm8wUDX4BK6aARWecvCRc/7CTA==
  dependencies:
    "@babel/runtime" "^7.11.1"
    classnames "^2.2.1"
    rc-resize-observer "^1.0.0"
    rc-util "^5.19.2"

rc-pagination@~3.3.1:
  version "3.3.1"
  resolved "https://registry.yarnpkg.com/rc-pagination/-/rc-pagination-3.3.1.tgz#38e364674adf2a753a4fa26e0d9d88ebe523ed0f"
  integrity sha512-eI4dSeB3OrFxll7KzWa3ZH63LV2tHxt0AUmZmDwuI6vc3CK5lZhaKUYq0fRowb5586hN+L26j5WZoSz9cwEfjg==
  dependencies:
    "@babel/runtime" "^7.10.1"
    classnames "^2.2.1"

rc-picker@~3.6.1:
  version "3.6.2"
  resolved "https://registry.yarnpkg.com/rc-picker/-/rc-picker-3.6.2.tgz#68d13af7d240e792769a306ed6447e66e47040aa"
  integrity sha512-acLNCi2WTNAuvTtcEzKp72mU15ni0sqrIKVlEcj04KgLZxhlVPMabCS+Sc8VuOCPJbOcW0XeOydbNnJbWTvzxg==
  dependencies:
    "@babel/runtime" "^7.10.1"
    "@rc-component/trigger" "^1.5.0"
    classnames "^2.2.1"
    rc-util "^5.27.0"

rc-progress@~3.4.1:
  version "3.4.1"
  resolved "https://registry.yarnpkg.com/rc-progress/-/rc-progress-3.4.1.tgz#a9ffe099e88a4fc03afb09d8603162bf0760d743"
  integrity sha512-eAFDHXlk8aWpoXl0llrenPMt9qKHQXphxcVsnKs0FHC6eCSk1ebJtyaVjJUzKe0233ogiLDeEFK1Uihz3s67hw==
  dependencies:
    "@babel/runtime" "^7.10.1"
    classnames "^2.2.6"
    rc-util "^5.16.1"

rc-rate@~2.10.0:
  version "2.10.0"
  resolved "https://registry.yarnpkg.com/rc-rate/-/rc-rate-2.10.0.tgz#b16fd906c13bfc26b4776e27a14d13d06d50c635"
  integrity sha512-TCjEpKPeN1m0EnGDDbb1KyxjNTJRzoReiPdtbrBJEey4Ryf/UGOQ6vqmz2yC6DJdYVDVUoZPdoz043ryh0t/nQ==
  dependencies:
    "@babel/runtime" "^7.10.1"
    classnames "^2.2.5"
    rc-util "^5.0.1"

rc-resize-observer@^1.0.0, rc-resize-observer@^1.1.0, rc-resize-observer@^1.2.0, rc-resize-observer@^1.3.1:
  version "1.3.1"
  resolved "https://registry.yarnpkg.com/rc-resize-observer/-/rc-resize-observer-1.3.1.tgz#b61b9f27048001243617b81f95e53d7d7d7a6a3d"
  integrity sha512-iFUdt3NNhflbY3mwySv5CA1TC06zdJ+pfo0oc27xpf4PIOvfZwZGtD9Kz41wGYqC4SLio93RVAirSSpYlV/uYg==
  dependencies:
    "@babel/runtime" "^7.20.7"
    classnames "^2.2.1"
    rc-util "^5.27.0"
    resize-observer-polyfill "^1.5.1"

rc-segmented@~2.1.2:
  version "2.1.2"
  resolved "https://registry.yarnpkg.com/rc-segmented/-/rc-segmented-2.1.2.tgz#14c9077a1dae9c2ccb2ef5fbc5662c1c48c7ce8e"
  integrity sha512-qGo1bCr83ESXpXVOCXjFe1QJlCAQXyi9KCiy8eX3rIMYlTeJr/ftySIaTnYsitL18SvWf5ZEHsfqIWoX0EMfFQ==
  dependencies:
    "@babel/runtime" "^7.11.1"
    classnames "^2.2.1"
    rc-motion "^2.4.4"
    rc-util "^5.17.0"

rc-select@~14.4.0, rc-select@~14.4.3:
  version "14.4.3"
  resolved "https://registry.yarnpkg.com/rc-select/-/rc-select-14.4.3.tgz#68d7f1b6bcb41543f69901951facd5e097fb835d"
  integrity sha512-qoz4gNqm3SN+4dYKSCRiRkxKSEEdbS3jC6gdFYoYwEjDZ9sdQFo5jHlfQbF+hhai01HOoj1Hf8Gq6tpUvU+Gmw==
  dependencies:
    "@babel/runtime" "^7.10.1"
    "@rc-component/trigger" "^1.5.0"
    classnames "2.x"
    rc-motion "^2.0.1"
    rc-overflow "^1.0.0"
    rc-util "^5.16.1"
    rc-virtual-list "^3.4.13"

rc-slider@~10.1.0:
  version "10.1.1"
  resolved "https://registry.yarnpkg.com/rc-slider/-/rc-slider-10.1.1.tgz#5e82036e60b61021aba3ea0e353744dd7c74e104"
  integrity sha512-gn8oXazZISEhnmRinI89Z/JD/joAaM35jp+gDtIVSTD/JJMCCBqThqLk1SVJmvtfeiEF/kKaFY0+qt4SDHFUDw==
  dependencies:
    "@babel/runtime" "^7.10.1"
    classnames "^2.2.5"
    rc-util "^5.27.0"

rc-steps@~6.0.0:
  version "6.0.0"
  resolved "https://registry.yarnpkg.com/rc-steps/-/rc-steps-6.0.0.tgz#f7148f8097d5d135f19b96c1b4f4b50ad6093753"
  integrity sha512-+KfMZIty40mYCQSDvYbZ1jwnuObLauTiIskT1hL4FFOBHP6ZOr8LK0m143yD3kEN5XKHSEX1DIwCj3AYZpoeNQ==
  dependencies:
    "@babel/runtime" "^7.16.7"
    classnames "^2.2.3"
    rc-util "^5.16.1"

rc-switch@~4.1.0:
  version "4.1.0"
  resolved "https://registry.yarnpkg.com/rc-switch/-/rc-switch-4.1.0.tgz#f37d81b4e0c5afd1274fd85367b17306bf25e7d7"
  integrity sha512-TI8ufP2Az9oEbvyCeVE4+90PDSljGyuwix3fV58p7HV2o4wBnVToEyomJRVyTaZeqNPAp+vqeo4Wnj5u0ZZQBg==
  dependencies:
    "@babel/runtime" "^7.21.0"
    classnames "^2.2.1"
    rc-util "^5.30.0"

rc-table@~7.31.0:
  version "7.31.1"
  resolved "https://registry.yarnpkg.com/rc-table/-/rc-table-7.31.1.tgz#85487b25d98559d6e684b3348e893da1d1f48232"
  integrity sha512-KZPi35aGpv2VaL1Jbc58FBJo063HtKyVjhOFWX4AkBV7tjHHQokMdUoua5E+GPJh6QZUpK/a8PjKa9IZzPLIEA==
  dependencies:
    "@babel/runtime" "^7.10.1"
    "@rc-component/context" "^1.3.0"
    classnames "^2.2.5"
    rc-resize-observer "^1.1.0"
    rc-util "^5.27.1"

rc-tabs@~12.5.6:
  version "12.5.10"
  resolved "https://registry.yarnpkg.com/rc-tabs/-/rc-tabs-12.5.10.tgz#0e41c723fac66c4f0bcad3271429fff6653b0721"
  integrity sha512-Ay0l0jtd4eXepFH9vWBvinBjqOpqzcsJTerBGwJy435P2S90Uu38q8U/mvc1sxUEVOXX5ZCFbxcWPnfG3dH+tQ==
  dependencies:
    "@babel/runtime" "^7.11.2"
    classnames "2.x"
    rc-dropdown "~4.0.0"
    rc-menu "~9.8.0"
    rc-motion "^2.6.2"
    rc-resize-observer "^1.0.0"
    rc-util "^5.16.0"

rc-textarea@~1.2.0, rc-textarea@~1.2.2:
  version "1.2.2"
  resolved "https://registry.yarnpkg.com/rc-textarea/-/rc-textarea-1.2.2.tgz#111fa90fcedba6d244bc94615b7971b8d8f68815"
  integrity sha512-S9fkiek5VezfwJe2McEs/NH63xgnnZ4iDh6a8n01mIfzyNJj0HkS0Uz6boyR3/eONYjmKaqhrpuJJuEClRDEBw==
  dependencies:
    "@babel/runtime" "^7.10.1"
    classnames "^2.2.1"
    rc-input "~1.0.4"
    rc-resize-observer "^1.0.0"
    rc-util "^5.27.0"

rc-tooltip@~6.0.0:
  version "6.0.1"
  resolved "https://registry.yarnpkg.com/rc-tooltip/-/rc-tooltip-6.0.1.tgz#6a5e33bd6c3f6afe8851ea90e7af43e5c26b3cc6"
  integrity sha512-MdvPlsD1fDSxKp9+HjXrc/CxLmA/s11QYIh1R7aExxfodKP7CZA++DG1AjrW80F8IUdHYcR43HAm0Y2BYPelHA==
  dependencies:
    "@babel/runtime" "^7.11.2"
    "@rc-component/trigger" "^1.0.4"
    classnames "^2.3.1"

rc-tree-select@~5.8.0:
  version "5.8.0"
  resolved "https://registry.yarnpkg.com/rc-tree-select/-/rc-tree-select-5.8.0.tgz#b3d861b7b2111d3a96b56040b851d5e280d71c95"
  integrity sha512-NozrkVLR8k3cpx8R5/YFmJMptgOacR5zEQHZGMQg31bD6jEgGiJeOn2cGRI6x0Xdyvi1CSqCbUsIoqiej74wzw==
  dependencies:
    "@babel/runtime" "^7.10.1"
    classnames "2.x"
    rc-select "~14.4.0"
    rc-tree "~5.7.0"
    rc-util "^5.16.1"

rc-tree@~5.7.0:
  version "5.7.3"
  resolved "https://registry.yarnpkg.com/rc-tree/-/rc-tree-5.7.3.tgz#5da576ba87039486d59092eb4490831690b8b3b5"
  integrity sha512-Oql2S9+ZmT+mfTp5SNo1XM0QvkENjc0mPRFsHWRFSPuKird0OYMZZKmLznUJ+0aGDeFFWN42wiUZJtMFhrLgLw==
  dependencies:
    "@babel/runtime" "^7.10.1"
    classnames "2.x"
    rc-motion "^2.0.1"
    rc-util "^5.16.1"
    rc-virtual-list "^3.4.8"

rc-trigger@^5.1.2, rc-trigger@^5.3.1:
  version "5.3.4"
  resolved "https://registry.yarnpkg.com/rc-trigger/-/rc-trigger-5.3.4.tgz#6b4b26e32825677c837d1eb4d7085035eecf9a61"
  integrity sha512-mQv+vas0TwKcjAO2izNPkqR4j86OemLRmvL2nOzdP9OWNWA1ivoTt5hzFqYNW9zACwmTezRiN8bttrC7cZzYSw==
  dependencies:
    "@babel/runtime" "^7.18.3"
    classnames "^2.2.6"
    rc-align "^4.0.0"
    rc-motion "^2.0.0"
    rc-util "^5.19.2"

rc-upload@~4.3.0:
  version "4.3.4"
  resolved "https://registry.yarnpkg.com/rc-upload/-/rc-upload-4.3.4.tgz#83ff7d3867631c37adbfd72ea3d1fd7e97ca84af"
  integrity sha512-uVbtHFGNjHG/RyAfm9fluXB6pvArAGyAx8z7XzXXyorEgVIWj6mOlriuDm0XowDHYz4ycNK0nE0oP3cbFnzxiQ==
  dependencies:
    "@babel/runtime" "^7.18.3"
    classnames "^2.2.5"
    rc-util "^5.2.0"

rc-util@^5.0.1, rc-util@^5.0.6, rc-util@^5.15.0, rc-util@^5.16.0, rc-util@^5.16.1, rc-util@^5.17.0, rc-util@^5.18.1, rc-util@^5.19.2, rc-util@^5.2.0, rc-util@^5.20.1, rc-util@^5.21.0, rc-util@^5.21.2, rc-util@^5.22.5, rc-util@^5.24.4, rc-util@^5.25.2, rc-util@^5.26.0, rc-util@^5.27.0, rc-util@^5.27.1, rc-util@^5.28.0, rc-util@^5.29.2, rc-util@^5.30.0, rc-util@^5.6.1, rc-util@^5.8.0, rc-util@^5.9.4:
  version "5.30.0"
  resolved "https://registry.yarnpkg.com/rc-util/-/rc-util-5.30.0.tgz#76ae9019ff72a5b519ce51465cd77b2e451207e3"
  integrity sha512-uaWpF/CZGyXuhQG71MWxkU+0bWkPEgqZUxEv251Cu7p3kpHDNm5+Ygu/U8ux0a/zbfGW8PsKcJL0XVBOMrlIZg==
  dependencies:
    "@babel/runtime" "^7.18.3"
    react-is "^16.12.0"

rc-virtual-list@^3.4.13, rc-virtual-list@^3.4.8:
  version "3.4.13"
  resolved "https://registry.yarnpkg.com/rc-virtual-list/-/rc-virtual-list-3.4.13.tgz#20acc934b263abcf7b7c161f50ef82281b2f7e8d"
  integrity sha512-cPOVDmcNM7rH6ANotanMDilW/55XnFPw0Jh/GQYtrzZSy3AmWvCnqVNyNC/pgg3lfVmX2994dlzAhuUrd4jG7w==
  dependencies:
    "@babel/runtime" "^7.20.0"
    classnames "^2.2.6"
    rc-resize-observer "^1.0.0"
    rc-util "^5.15.0"

react-dom@18.2.0:
  version "18.2.0"
  resolved "https://registry.yarnpkg.com/react-dom/-/react-dom-18.2.0.tgz#22aaf38708db2674ed9ada224ca4aa708d821e3d"
  integrity sha512-6IMTriUmvsjHUjNtEDudZfuDQUoWXVxKHhlEGSk81n4YFS+r/Kl99wXiwlVXtPBtJenozv2P+hxDsw9eA7Xo6g==
  dependencies:
    loose-envify "^1.1.0"
    scheduler "^0.23.0"

react-fast-compare@^2.0.1:
  version "2.0.4"
  resolved "https://registry.yarnpkg.com/react-fast-compare/-/react-fast-compare-2.0.4.tgz#e84b4d455b0fec113e0402c329352715196f81f9"
  integrity sha512-suNP+J1VU1MWFKcyt7RtjiSWUjvidmQSlqu+eHslq+342xCbGTYmC0mEhPCOHxlW0CywylOC1u2DFAT+bv4dBw==

react-is@^16.12.0, react-is@^16.7.0:
  version "16.13.1"
  resolved "https://registry.yarnpkg.com/react-is/-/react-is-16.13.1.tgz#789729a4dc36de2999dc156dd6c1d9c18cea56a4"
  integrity sha512-24e6ynE2H+OKt4kqsOvNd8kBpV65zoxbA4BVsEOB3ARVWQki/DHzaUoC5KuON/BiccDaCCTZBuOcfZs70kR8bQ==

react@18.2.0:
  version "18.2.0"
  resolved "https://registry.yarnpkg.com/react/-/react-18.2.0.tgz#555bd98592883255fa00de14f1151a917b5d77d5"
  integrity sha512-/3IjMdb2L9QbBdWiW5e3P2/npwMBaU9mHCSCUzNln0ZCYbcfTsGbTJrU/kGemdH2IWmB2ioZ+zkxtmq6g09fGQ==
  dependencies:
    loose-envify "^1.1.0"

readdirp@~3.6.0:
  version "3.6.0"
  resolved "https://registry.yarnpkg.com/readdirp/-/readdirp-3.6.0.tgz#74a370bd857116e245b29cc97340cd431a02a6c7"
  integrity sha512-hOS089on8RduqdbhvQ5Z37A0ESjsqz6qnRcffsMU3495FuTdqSm+7bhJ29JvIOsBDEEnan5DPu9t3To9VRlMzA==
  dependencies:
    picomatch "^2.2.1"

regenerator-runtime@^0.13.11:
  version "0.13.11"
  resolved "https://registry.yarnpkg.com/regenerator-runtime/-/regenerator-runtime-0.13.11.tgz#f6dca3e7ceec20590d07ada785636a90cdca17f9"
  integrity sha512-kY1AZVr2Ra+t+piVaJ4gxaFaReZVH40AKNo7UCX6W+dEwBo/2oZJzqfuN1qLq1oL45o56cPaTXELwrTh8Fpggg==

resize-observer-polyfill@^1.5.1:
  version "1.5.1"
  resolved "https://registry.yarnpkg.com/resize-observer-polyfill/-/resize-observer-polyfill-1.5.1.tgz#0e9020dd3d21024458d4ebd27e23e40269810464"
  integrity sha512-LwZrotdHOo12nQuZlHEmtuXdqGoOD0OhaxopaNFxWzInpEgaLWoVuAMbTzixuosCx2nEG58ngzW3vxdWoxIgdg==

sass@^1.62.1:
  version "1.62.1"
  resolved "https://registry.yarnpkg.com/sass/-/sass-1.62.1.tgz#caa8d6bf098935bc92fc73fa169fb3790cacd029"
  integrity sha512-NHpxIzN29MXvWiuswfc1W3I0N8SXBd8UR26WntmDlRYf0bSADnwnOjsyMZ3lMezSlArD33Vs3YFhp7dWvL770A==
  dependencies:
    chokidar ">=3.0.0 <4.0.0"
    immutable "^4.0.0"
    source-map-js ">=0.6.2 <2.0.0"

scheduler@^0.23.0:
  version "0.23.0"
  resolved "https://registry.yarnpkg.com/scheduler/-/scheduler-0.23.0.tgz#ba8041afc3d30eb206a487b6b384002e4e61fdfe"
  integrity sha512-CtuThmgHNg7zIZWAXi3AsyIzA3n4xx7aNyjwC2VJldO2LMVDhFK+63xGqq6CsJH4rTAt6/M+N4GhZiDYPx9eUw==
  dependencies:
    loose-envify "^1.1.0"

scroll-into-view-if-needed@^3.0.3:
  version "3.0.10"
  resolved "https://registry.yarnpkg.com/scroll-into-view-if-needed/-/scroll-into-view-if-needed-3.0.10.tgz#38fbfe770d490baff0fb2ba34ae3539f6ec44e13"
  integrity sha512-t44QCeDKAPf1mtQH3fYpWz8IM/DyvHLjs8wUvvwMYxk5moOqCzrMSxK6HQVD0QVmVjXFavoFIPRVrMuJPKAvtg==
  dependencies:
    compute-scroll-into-view "^3.0.2"

scss@^0.2.4:
  version "0.2.4"
  resolved "https://registry.yarnpkg.com/scss/-/scss-0.2.4.tgz#040d903ed37c5d4fa4ad33ae1fd389ac12a4e065"
  integrity sha512-4u8V87F+Q/upVhUmhPnB4C1R11xojkRkWjExL2v0CX2EXTg18VrKd+9JWoeyCp2VEMdSpJsyAvVU+rVjogh51A==
  dependencies:
    ometa "0.2.2"

"source-map-js@>=0.6.2 <2.0.0", source-map-js@^1.0.2:
  version "1.0.2"
  resolved "https://registry.yarnpkg.com/source-map-js/-/source-map-js-1.0.2.tgz#adbc361d9c62df380125e7f161f71c826f1e490c"
  integrity sha512-R0XvVJ9WusLiqTCEiGCmICCMplcCkIwwR11mOSD9CR5u+IXYdiseeEuXCVAjS54zqwkLcPNnmU4OeJ6tUrWhDw==

streamsearch@^1.1.0:
  version "1.1.0"
  resolved "https://registry.yarnpkg.com/streamsearch/-/streamsearch-1.1.0.tgz#404dd1e2247ca94af554e841a8ef0eaa238da764"
  integrity sha512-Mcc5wHehp9aXz1ax6bZUyY5afg9u2rv5cqQI3mRrYkGC8rW2hM02jWuwjtL++LS5qinSyhj2QfLyNsuc+VsExg==

string-convert@^0.2.0:
  version "0.2.1"
  resolved "https://registry.yarnpkg.com/string-convert/-/string-convert-0.2.1.tgz#6982cc3049fbb4cd85f8b24568b9d9bf39eeff97"
  integrity sha512-u/1tdPl4yQnPBjnVrmdLo9gtuLvELKsAoRapekWggdiQNvvvum+jYF329d84NAa660KQw7pB2n36KrIKVoXa3A==

styled-jsx@5.1.1:
  version "5.1.1"
  resolved "https://registry.yarnpkg.com/styled-jsx/-/styled-jsx-5.1.1.tgz#839a1c3aaacc4e735fed0781b8619ea5d0009d1f"
  integrity sha512-pW7uC1l4mBZ8ugbiZrcIsiIvVx1UmTfw7UkC3Um2tmfUq9Bhk8IiyEIPl6F8agHgjzku6j0xQEZbfA5uSgSaCw==
  dependencies:
    client-only "0.0.1"

stylis@^4.0.13:
  version "4.1.4"
  resolved "https://registry.yarnpkg.com/stylis/-/stylis-4.1.4.tgz#9cb60e7153d8ac6d02d773552bf51c7a0344535b"
  integrity sha512-USf5pszRYwuE6hg9by0OkKChkQYEXfkeTtm0xKw+jqQhwyjCVLdYyMBK7R+n7dhzsblAWJnGxju4vxq5eH20GQ==

throttle-debounce@^5.0.0:
  version "5.0.0"
  resolved "https://registry.yarnpkg.com/throttle-debounce/-/throttle-debounce-5.0.0.tgz#a17a4039e82a2ed38a5e7268e4132d6960d41933"
  integrity sha512-2iQTSgkkc1Zyk0MeVrt/3BvuOXYPl/R8Z0U2xxo9rjwNciaHDG3R+Lm6dh4EeUci49DanvBnuqI6jshoQQRGEg==

tiny-warning@^1.0.2:
  version "1.0.3"
  resolved "https://registry.yarnpkg.com/tiny-warning/-/tiny-warning-1.0.3.tgz#94a30db453df4c643d0fd566060d60a875d84754"
  integrity sha512-lBN9zLN/oAf68o3zNXYrdCt1kP8WsiGW8Oo2ka41b2IM5JL/S1CTyX1rW0mb/zSuJun0ZUrDxx4sqvYS2FWzPA==

to-regex-range@^5.0.1:
  version "5.0.1"
  resolved "https://registry.yarnpkg.com/to-regex-range/-/to-regex-range-5.0.1.tgz#1648c44aae7c8d988a326018ed72f5b4dd0392e4"
  integrity sha512-65P7iz6X5yEr1cwcgvQxbbIw7Uk3gOy5dIdtZ4rDveLqhrdJP+Li/Hx6tyK0NEb+2GCyneCMJiGqrADCSNk8sQ==
  dependencies:
    is-number "^7.0.0"

toggle-selection@^1.0.6:
  version "1.0.6"
  resolved "https://registry.yarnpkg.com/toggle-selection/-/toggle-selection-1.0.6.tgz#6e45b1263f2017fa0acc7d89d78b15b8bf77da32"
  integrity sha512-BiZS+C1OS8g/q2RRbJmy59xpyghNBqrr6k5L/uKBGRsTfxmu3ffiRnd8mlGPUVayg8pvfi5urfnu8TU7DVOkLQ==

tslib@^1.10.0:
  version "1.14.1"
  resolved "https://registry.yarnpkg.com/tslib/-/tslib-1.14.1.tgz#cf2d38bdc34a134bcaf1091c41f6619e2f672d00"
  integrity sha512-Xni35NKzjgMrwevysHTCArtLDpPvye8zV/0E4EyYn43P7/7qvQwPh9BGkHewbMulVntbigmcT7rdX3BNo9wRJg==

tslib@^2.4.0:
  version "2.5.0"
  resolved "https://registry.yarnpkg.com/tslib/-/tslib-2.5.0.tgz#42bfed86f5787aeb41d031866c8f402429e0fddf"
  integrity sha512-336iVw3rtn2BUK7ORdIAHTyxHGRIHVReokCR3XjbckJMK7ms8FysBfhLR8IXnAgy7T0PTPNBWKiH514FOW/WSg==

typescript@5.0.4:
  version "5.0.4"
  resolved "https://registry.yarnpkg.com/typescript/-/typescript-5.0.4.tgz#b217fd20119bd61a94d4011274e0ab369058da3b"
  integrity sha512-cW9T5W9xY37cc+jfEnaUvX91foxtHkza3Nw3wkoF4sSlKn0MONdkdEndig/qPBWXNkmplh3NzayQzCiHM4/hqw==
